
Microsoft Visual Studio Solution File, Format Version 12.00
# Visual Studio 14
VisualStudioVersion = 14.0.25123.0
MinimumVisualStudioVersion = 10.0.40219.1
Project("{FAE04EC0-301F-11D3-BF4B-00C04F79EFBC}") = "MasivAndCikli", "MasivAndCikli\MasivAndCikli.csproj", "{F2BCB133-2996-4117-864E-D96FB32F77B5}"
EndProject
Project("{FAE04EC0-301F-11D3-BF4B-00C04F79EFBC}") = "console", "console\console.csproj", "{E7268835-9342-4301-9BDB-F4323D01EAB7}"
EndProject
Project("{FAE04EC0-301F-11D3-BF4B-00C04F79EFBC}") = "Circle", "Circle\Circle.csproj", "{838E39A6-03FA-4523-B752-07D40823A313}"
EndProject
Project("{FAE04EC0-301F-11D3-BF4B-00C04F79EFBC}") = "GreaterNumber", "GreaterNumber\GreaterNumber.csproj", "{33BAD7BF-DEA6-487C-96EF-C877ABC6A321}"
EndProject
Project("{FAE04EC0-301F-11D3-BF4B-00C04F79EFBC}") = "QuadratikEquation", "QuadratikEquation\QuadratikEquation.csproj", "{454E8230-948C-4D91-9F8E-D9AFDA2ADBDC}"
EndProject
Project("{FAE04EC0-301F-11D3-BF4B-00C04F79EFBC}") = "SumOfFiveNumbers", "SumOfFiveNumbers\SumOfFiveNumbers.csproj", "{800A4E9C-A778-4316-8C9D-A3FBB1EAAD4B}"
EndProject
Project("{FAE04EC0-301F-11D3-BF4B-00C04F79EFBC}") = "From1ToN", "From1ToN\From1ToN.csproj", "{3281E7FF-27F2-4417-8D38-4E3DE0487808}"
EndProject
Project("{FAE04EC0-301F-11D3-BF4B-00C04F79EFBC}") = "SumOfNNumbers", "SumOfNNumbers\SumOfNNumbers.csproj", "{FEA44D29-4E8A-4172-A0BB-B82B94BA0B98}"
EndProject
Project("{FAE04EC0-301F-11D3-BF4B-00C04F79EFBC}") = "Fibonacci", "Fibonacci\Fibonacci.csproj", "{C2D3615E-CABB-43E9-A3C5-D36D8C31F8A0}"
EndProject
Project("{FAE04EC0-301F-11D3-BF4B-00C04F79EFBC}") = "Interval", "Interval\Interval.csproj", "{62621728-9065-41A6-8A55-37135802E44E}"
EndProject
Global
	GlobalSection(SolutionConfigurationPlatforms) = preSolution
		Debug|Any CPU = Debug|Any CPU
		Release|Any CPU = Release|Any CPU
	EndGlobalSection
	GlobalSection(ProjectConfigurationPlatforms) = postSolution
		{F2BCB133-2996-4117-864E-D96FB32F77B5}.Debug|Any CPU.ActiveCfg = Debug|Any CPU
		{F2BCB133-2996-4117-864E-D96FB32F77B5}.Debug|Any CPU.Build.0 = Debug|Any CPU
		{F2BCB133-2996-4117-864E-D96FB32F77B5}.Release|Any CPU.ActiveCfg = Release|Any CPU
		{F2BCB133-2996-4117-864E-D96FB32F77B5}.Release|Any CPU.Build.0 = Release|Any CPU
		{E7268835-9342-4301-9BDB-F4323D01EAB7}.Debug|Any CPU.ActiveCfg = Debug|Any CPU
		{E7268835-9342-4301-9BDB-F4323D01EAB7}.Debug|Any CPU.Build.0 = Debug|Any CPU
		{E7268835-9342-4301-9BDB-F4323D01EAB7}.Release|Any CPU.ActiveCfg = Release|Any CPU
		{E7268835-9342-4301-9BDB-F4323D01EAB7}.Release|Any CPU.Build.0 = Release|Any CPU
		{838E39A6-03FA-4523-B752-07D40823A313}.Debug|Any CPU.ActiveCfg = Debug|Any CPU
		{838E39A6-03FA-4523-B752-07D40823A313}.Debug|Any CPU.Build.0 = Debug|Any CPU
		{838E39A6-03FA-4523-B752-07D40823A313}.Release|Any CPU.ActiveCfg = Release|Any CPU
		{838E39A6-03FA-4523-B752-07D40823A313}.Release|Any CPU.Build.0 = Release|Any CPU
		{33BAD7BF-DEA6-487C-96EF-C877ABC6A321}.Debug|Any CPU.ActiveCfg = Debug|Any CPU
		{33BAD7BF-DEA6-487C-96EF-C877ABC6A321}.Debug|Any CPU.Build.0 = Debug|Any CPU
		{33BAD7BF-DEA6-487C-96EF-C877ABC6A321}.Release|Any CPU.ActiveCfg = Release|Any CPU
		{33BAD7BF-DEA6-487C-96EF-C877ABC6A321}.Release|Any CPU.Build.0 = Release|Any CPU
		{454E8230-948C-4D91-9F8E-D9AFDA2ADBDC}.Debug|Any CPU.ActiveCfg = Debug|Any CPU
		{454E8230-948C-4D91-9F8E-D9AFDA2ADBDC}.Debug|Any CPU.Build.0 = Debug|Any CPU
		{454E8230-948C-4D91-9F8E-D9AFDA2ADBDC}.Release|Any CPU.ActiveCfg = Release|Any CPU
		{454E8230-948C-4D91-9F8E-D9AFDA2ADBDC}.Release|Any CPU.Build.0 = Release|Any CPU
		{800A4E9C-A778-4316-8C9D-A3FBB1EAAD4B}.Debug|Any CPU.ActiveCfg = Debug|Any CPU
		{800A4E9C-A778-4316-8C9D-A3FBB1EAAD4B}.Debug|Any CPU.Build.0 = Debug|Any CPU
		{800A4E9C-A778-4316-8C9D-A3FBB1EAAD4B}.Release|Any CPU.ActiveCfg = Release|Any CPU
		{800A4E9C-A778-4316-8C9D-A3FBB1EAAD4B}.Release|Any CPU.Build.0 = Release|Any CPU
		{3281E7FF-27F2-4417-8D38-4E3DE0487808}.Debug|Any CPU.ActiveCfg = Debug|Any CPU
		{3281E7FF-27F2-4417-8D38-4E3DE0487808}.Debug|Any CPU.Build.0 = Debug|Any CPU
		{3281E7FF-27F2-4417-8D38-4E3DE0487808}.Release|Any CPU.ActiveCfg = Release|Any CPU
		{3281E7FF-27F2-4417-8D38-4E3DE0487808}.Release|Any CPU.Build.0 = Release|Any CPU
		{FEA44D29-4E8A-4172-A0BB-B82B94BA0B98}.Debug|Any CPU.ActiveCfg = Debug|Any CPU
		{FEA44D29-4E8A-4172-A0BB-B82B94BA0B98}.Debug|Any CPU.Build.0 = Debug|Any CPU
		{FEA44D29-4E8A-4172-A0BB-B82B94BA0B98}.Release|Any CPU.ActiveCfg = Release|Any CPU
		{FEA44D29-4E8A-4172-A0BB-B82B94BA0B98}.Release|Any CPU.Build.0 = Release|Any CPU
		{C2D3615E-CABB-43E9-A3C5-D36D8C31F8A0}.Debug|Any CPU.ActiveCfg = Debug|Any CPU
		{C2D3615E-CABB-43E9-A3C5-D36D8C31F8A0}.Debug|Any CPU.Build.0 = Debug|Any CPU
		{C2D3615E-CABB-43E9-A3C5-D36D8C31F8A0}.Release|Any CPU.ActiveCfg = Release|Any CPU
		{C2D3615E-CABB-43E9-A3C5-D36D8C31F8A0}.Release|Any CPU.Build.0 = Release|Any CPU
		{62621728-9065-41A6-8A55-37135802E44E}.Debug|Any CPU.ActiveCfg = Debug|Any CPU
		{62621728-9065-41A6-8A55-37135802E44E}.Debug|Any CPU.Build.0 = Debug|Any CPU
		{62621728-9065-41A6-8A55-37135802E44E}.Release|Any CPU.ActiveCfg = Release|Any CPU
		{62621728-9065-41A6-8A55-37135802E44E}.Release|Any CPU.Build.0 = Release|Any CPU
	EndGlobalSection
	GlobalSection(SolutionProperties) = preSolution
		HideSolutionNode = FALSE
	EndGlobalSection
EndGlobal
